
Microsoft Visual Studio Solution File, Format Version 12.00
# Visual Studio Version 16
VisualStudioVersion = 16.0.29920.165
MinimumVisualStudioVersion = 10.0.40219.1
Project("{FAE04EC0-301F-11D3-BF4B-00C04F79EFBC}") = "APBD3.API", "APBD3.API\APBD3.API.csproj", "{BF9BBCE2-4031-4903-93CE-DE66672522C1}"
EndProject
Project("{FAE04EC0-301F-11D3-BF4B-00C04F79EFBC}") = "APBD.EF", "APBD.EF\APBD.EF.csproj", "{705D43B8-95C0-4D9B-B0B0-6F68099D3FEA}"
EndProject
Project("{FAE04EC0-301F-11D3-BF4B-00C04F79EFBC}") = "APBD.EF.CodeFirst", "APBD.EF.CodeFirst\APBD.EF.CodeFirst.csproj", "{13F444EF-3153-4A1F-AC99-CA295BDE77C6}"
EndProject
Global
	GlobalSection(SolutionConfigurationPlatforms) = preSolution
		Debug|Any CPU = Debug|Any CPU
		Release|Any CPU = Release|Any CPU
	EndGlobalSection
	GlobalSection(ProjectConfigurationPlatforms) = postSolution
		{BF9BBCE2-4031-4903-93CE-DE66672522C1}.Debug|Any CPU.ActiveCfg = Debug|Any CPU
		{BF9BBCE2-4031-4903-93CE-DE66672522C1}.Debug|Any CPU.Build.0 = Debug|Any CPU
		{BF9BBCE2-4031-4903-93CE-DE66672522C1}.Release|Any CPU.ActiveCfg = Release|Any CPU
		{BF9BBCE2-4031-4903-93CE-DE66672522C1}.Release|Any CPU.Build.0 = Release|Any CPU
		{705D43B8-95C0-4D9B-B0B0-6F68099D3FEA}.Debug|Any CPU.ActiveCfg = Debug|Any CPU
		{705D43B8-95C0-4D9B-B0B0-6F68099D3FEA}.Debug|Any CPU.Build.0 = Debug|Any CPU
		{705D43B8-95C0-4D9B-B0B0-6F68099D3FEA}.Release|Any CPU.ActiveCfg = Release|Any CPU
		{705D43B8-95C0-4D9B-B0B0-6F68099D3FEA}.Release|Any CPU.Build.0 = Release|Any CPU
		{13F444EF-3153-4A1F-AC99-CA295BDE77C6}.Debug|Any CPU.ActiveCfg = Debug|Any CPU
		{13F444EF-3153-4A1F-AC99-CA295BDE77C6}.Debug|Any CPU.Build.0 = Debug|Any CPU
		{13F444EF-3153-4A1F-AC99-CA295BDE77C6}.Release|Any CPU.ActiveCfg = Release|Any CPU
		{13F444EF-3153-4A1F-AC99-CA295BDE77C6}.Release|Any CPU.Build.0 = Release|Any CPU
	EndGlobalSection
	GlobalSection(SolutionProperties) = preSolution
		HideSolutionNode = FALSE
	EndGlobalSection
	GlobalSection(ExtensibilityGlobals) = postSolution
		SolutionGuid = {57D51F86-9BC1-400E-B19C-A9CCDAADDF4F}
	EndGlobalSection
EndGlobal
